
Microsoft Visual Studio Solution File, Format Version 12.00
# Visual Studio Version 16
VisualStudioVersion = 16.0.31624.102
MinimumVisualStudioVersion = 10.0.40219.1
Project("{9A19103F-16F7-4668-BE54-9A1E7A4F7556}") = "Body4U.Domain", "Body4U.Domain\Body4U.Domain.csproj", "{942ABDBB-BDCC-4247-92E0-B729F9B512FC}"
EndProject
Project("{FAE04EC0-301F-11D3-BF4B-00C04F79EFBC}") = "Body4U.Startup", "Body4U.Startup\Body4U.Startup.csproj", "{D150EED1-AA2F-4966-9BC5-FD78DB4FCC26}"
EndProject
Project("{FAE04EC0-301F-11D3-BF4B-00C04F79EFBC}") = "Body4U.Web", "Body4U.Web\Body4U.Web.csproj", "{27453A43-7B1F-4E0F-9F1B-3DEDC033A446}"
EndProject
Project("{FAE04EC0-301F-11D3-BF4B-00C04F79EFBC}") = "Body4U.Infrastructure", "Body4U.Infrastructure\Body4U.Infrastructure.csproj", "{2679424F-C328-4368-86B6-07551E41D292}"
EndProject
Global
	GlobalSection(SolutionConfigurationPlatforms) = preSolution
		Debug|Any CPU = Debug|Any CPU
		Release|Any CPU = Release|Any CPU
	EndGlobalSection
	GlobalSection(ProjectConfigurationPlatforms) = postSolution
		{942ABDBB-BDCC-4247-92E0-B729F9B512FC}.Debug|Any CPU.ActiveCfg = Debug|Any CPU
		{942ABDBB-BDCC-4247-92E0-B729F9B512FC}.Debug|Any CPU.Build.0 = Debug|Any CPU
		{942ABDBB-BDCC-4247-92E0-B729F9B512FC}.Release|Any CPU.ActiveCfg = Release|Any CPU
		{942ABDBB-BDCC-4247-92E0-B729F9B512FC}.Release|Any CPU.Build.0 = Release|Any CPU
		{D150EED1-AA2F-4966-9BC5-FD78DB4FCC26}.Debug|Any CPU.ActiveCfg = Debug|Any CPU
		{D150EED1-AA2F-4966-9BC5-FD78DB4FCC26}.Debug|Any CPU.Build.0 = Debug|Any CPU
		{D150EED1-AA2F-4966-9BC5-FD78DB4FCC26}.Release|Any CPU.ActiveCfg = Release|Any CPU
		{D150EED1-AA2F-4966-9BC5-FD78DB4FCC26}.Release|Any CPU.Build.0 = Release|Any CPU
		{27453A43-7B1F-4E0F-9F1B-3DEDC033A446}.Debug|Any CPU.ActiveCfg = Debug|Any CPU
		{27453A43-7B1F-4E0F-9F1B-3DEDC033A446}.Debug|Any CPU.Build.0 = Debug|Any CPU
		{27453A43-7B1F-4E0F-9F1B-3DEDC033A446}.Release|Any CPU.ActiveCfg = Release|Any CPU
		{27453A43-7B1F-4E0F-9F1B-3DEDC033A446}.Release|Any CPU.Build.0 = Release|Any CPU
		{2679424F-C328-4368-86B6-07551E41D292}.Debug|Any CPU.ActiveCfg = Debug|Any CPU
		{2679424F-C328-4368-86B6-07551E41D292}.Debug|Any CPU.Build.0 = Debug|Any CPU
		{2679424F-C328-4368-86B6-07551E41D292}.Release|Any CPU.ActiveCfg = Release|Any CPU
		{2679424F-C328-4368-86B6-07551E41D292}.Release|Any CPU.Build.0 = Release|Any CPU
	EndGlobalSection
	GlobalSection(SolutionProperties) = preSolution
		HideSolutionNode = FALSE
	EndGlobalSection
	GlobalSection(ExtensibilityGlobals) = postSolution
		SolutionGuid = {FCDA3A8A-516A-4448-BEF6-5DA68FD30370}
	EndGlobalSection
EndGlobal
